
Microsoft Visual Studio Solution File, Format Version 12.00
# Visual Studio Version 17
VisualStudioVersion = 17.5.002.0
MinimumVisualStudioVersion = 10.0.40219.1
Project("{9A19103F-16F7-4668-BE54-9A1E7A4F7556}") = "SearchService", "SearchService.csproj", "{797EDB46-4BD4-4646-B328-1AA228333A3D}"
EndProject
Global
	GlobalSection(SolutionConfigurationPlatforms) = preSolution
		Debug|Any CPU = Debug|Any CPU
		Release|Any CPU = Release|Any CPU
	EndGlobalSection
	GlobalSection(ProjectConfigurationPlatforms) = postSolution
		{797EDB46-4BD4-4646-B328-1AA228333A3D}.Debug|Any CPU.ActiveCfg = Debug|Any CPU
		{797EDB46-4BD4-4646-B328-1AA228333A3D}.Debug|Any CPU.Build.0 = Debug|Any CPU
		{797EDB46-4BD4-4646-B328-1AA228333A3D}.Release|Any CPU.ActiveCfg = Release|Any CPU
		{797EDB46-4BD4-4646-B328-1AA228333A3D}.Release|Any CPU.Build.0 = Release|Any CPU
	EndGlobalSection
	GlobalSection(SolutionProperties) = preSolution
		HideSolutionNode = FALSE
	EndGlobalSection
	GlobalSection(ExtensibilityGlobals) = postSolution
		SolutionGuid = {3ACCABB9-85A7-40E6-9C91-E5C6165F1D38}
	EndGlobalSection
EndGlobal
