
Microsoft Visual Studio Solution File, Format Version 12.00
# Visual Studio Version 17
VisualStudioVersion = 17.0.31903.59
MinimumVisualStudioVersion = 10.0.40219.1
Project("{2150E333-8FDC-42A3-9474-1A3956D46DE8}") = "src", "src", "{568EAC29-3894-44A0-8D70-055F37757229}"
EndProject
Project("{FAE04EC0-301F-11D3-BF4B-00C04F79EFBC}") = "AuctionService", "src\AuctionService\AuctionService.csproj", "{EE4890F4-D6D8-49B7-B6FE-C176171D32BC}"
EndProject
Project("{FAE04EC0-301F-11D3-BF4B-00C04F79EFBC}") = "SearchService", "src\SearchService\SearchService.csproj", "{2F54BDEE-B5E2-4AD7-9122-93D6BC1FB537}"
EndProject
Project("{FAE04EC0-301F-11D3-BF4B-00C04F79EFBC}") = "Contracts", "src\Contracts\Contracts.csproj", "{EB5B450C-86C3-4E88-B569-1F9B4D2FE479}"
EndProject
Project("{FAE04EC0-301F-11D3-BF4B-00C04F79EFBC}") = "IdentityService", "src\IdentityService\IdentityService.csproj", "{CC6748A8-AAC6-4E77-864C-93DBF0D99A8E}"
EndProject
Project("{FAE04EC0-301F-11D3-BF4B-00C04F79EFBC}") = "GatewayService", "src\GatewayService\GatewayService.csproj", "{156B79BA-967B-4A50-BA52-FF566232A933}"
EndProject
Global
	GlobalSection(SolutionConfigurationPlatforms) = preSolution
		Debug|Any CPU = Debug|Any CPU
		Release|Any CPU = Release|Any CPU
	EndGlobalSection
	GlobalSection(SolutionProperties) = preSolution
		HideSolutionNode = FALSE
	EndGlobalSection
	GlobalSection(ProjectConfigurationPlatforms) = postSolution
		{EE4890F4-D6D8-49B7-B6FE-C176171D32BC}.Debug|Any CPU.ActiveCfg = Debug|Any CPU
		{EE4890F4-D6D8-49B7-B6FE-C176171D32BC}.Debug|Any CPU.Build.0 = Debug|Any CPU
		{EE4890F4-D6D8-49B7-B6FE-C176171D32BC}.Release|Any CPU.ActiveCfg = Release|Any CPU
		{EE4890F4-D6D8-49B7-B6FE-C176171D32BC}.Release|Any CPU.Build.0 = Release|Any CPU
		{2F54BDEE-B5E2-4AD7-9122-93D6BC1FB537}.Debug|Any CPU.ActiveCfg = Debug|Any CPU
		{2F54BDEE-B5E2-4AD7-9122-93D6BC1FB537}.Debug|Any CPU.Build.0 = Debug|Any CPU
		{2F54BDEE-B5E2-4AD7-9122-93D6BC1FB537}.Release|Any CPU.ActiveCfg = Release|Any CPU
		{2F54BDEE-B5E2-4AD7-9122-93D6BC1FB537}.Release|Any CPU.Build.0 = Release|Any CPU
		{EB5B450C-86C3-4E88-B569-1F9B4D2FE479}.Debug|Any CPU.ActiveCfg = Debug|Any CPU
		{EB5B450C-86C3-4E88-B569-1F9B4D2FE479}.Debug|Any CPU.Build.0 = Debug|Any CPU
		{EB5B450C-86C3-4E88-B569-1F9B4D2FE479}.Release|Any CPU.ActiveCfg = Release|Any CPU
		{EB5B450C-86C3-4E88-B569-1F9B4D2FE479}.Release|Any CPU.Build.0 = Release|Any CPU
		{CC6748A8-AAC6-4E77-864C-93DBF0D99A8E}.Debug|Any CPU.ActiveCfg = Debug|Any CPU
		{CC6748A8-AAC6-4E77-864C-93DBF0D99A8E}.Debug|Any CPU.Build.0 = Debug|Any CPU
		{CC6748A8-AAC6-4E77-864C-93DBF0D99A8E}.Release|Any CPU.ActiveCfg = Release|Any CPU
		{CC6748A8-AAC6-4E77-864C-93DBF0D99A8E}.Release|Any CPU.Build.0 = Release|Any CPU
		{156B79BA-967B-4A50-BA52-FF566232A933}.Debug|Any CPU.ActiveCfg = Debug|Any CPU
		{156B79BA-967B-4A50-BA52-FF566232A933}.Debug|Any CPU.Build.0 = Debug|Any CPU
		{156B79BA-967B-4A50-BA52-FF566232A933}.Release|Any CPU.ActiveCfg = Release|Any CPU
		{156B79BA-967B-4A50-BA52-FF566232A933}.Release|Any CPU.Build.0 = Release|Any CPU
	EndGlobalSection
	GlobalSection(NestedProjects) = preSolution
		{EE4890F4-D6D8-49B7-B6FE-C176171D32BC} = {568EAC29-3894-44A0-8D70-055F37757229}
		{2F54BDEE-B5E2-4AD7-9122-93D6BC1FB537} = {568EAC29-3894-44A0-8D70-055F37757229}
		{EB5B450C-86C3-4E88-B569-1F9B4D2FE479} = {568EAC29-3894-44A0-8D70-055F37757229}
		{CC6748A8-AAC6-4E77-864C-93DBF0D99A8E} = {568EAC29-3894-44A0-8D70-055F37757229}
		{156B79BA-967B-4A50-BA52-FF566232A933} = {568EAC29-3894-44A0-8D70-055F37757229}
	EndGlobalSection
EndGlobal
